
Microsoft Visual Studio Solution File, Format Version 12.00
# Visual Studio Version 17
VisualStudioVersion = 17.9.34728.123
MinimumVisualStudioVersion = 10.0.40219.1
Project("{FAE04EC0-301F-11D3-BF4B-00C04F79EFBC}") = "Task1", "Task1\Task1.csproj", "{A32F9959-33EC-44FE-9F46-63E25F88898B}"
EndProject
Project("{FAE04EC0-301F-11D3-BF4B-00C04F79EFBC}") = "Task2", "Task2\Task2.csproj", "{6606901E-EAFD-4862-8F7B-B008F62B3B14}"
EndProject
Project("{FAE04EC0-301F-11D3-BF4B-00C04F79EFBC}") = "Task3", "Task3\Task3.csproj", "{FC3E546E-D081-44D4-B56D-381C7C1B3282}"
EndProject
Project("{FAE04EC0-301F-11D3-BF4B-00C04F79EFBC}") = "Task4", "Task4\Task4.csproj", "{5D612617-943B-4C35-A9C1-A7BE82ACDC6A}"
EndProject
Project("{FAE04EC0-301F-11D3-BF4B-00C04F79EFBC}") = "Task5", "Task5\Task5.csproj", "{57831D73-51FC-4C0D-932A-DDCAB3981F01}"
EndProject
Global
	GlobalSection(SolutionConfigurationPlatforms) = preSolution
		Debug|Any CPU = Debug|Any CPU
		Release|Any CPU = Release|Any CPU
	EndGlobalSection
	GlobalSection(ProjectConfigurationPlatforms) = postSolution
		{A32F9959-33EC-44FE-9F46-63E25F88898B}.Debug|Any CPU.ActiveCfg = Debug|Any CPU
		{A32F9959-33EC-44FE-9F46-63E25F88898B}.Debug|Any CPU.Build.0 = Debug|Any CPU
		{A32F9959-33EC-44FE-9F46-63E25F88898B}.Release|Any CPU.ActiveCfg = Release|Any CPU
		{A32F9959-33EC-44FE-9F46-63E25F88898B}.Release|Any CPU.Build.0 = Release|Any CPU
		{6606901E-EAFD-4862-8F7B-B008F62B3B14}.Debug|Any CPU.ActiveCfg = Debug|Any CPU
		{6606901E-EAFD-4862-8F7B-B008F62B3B14}.Debug|Any CPU.Build.0 = Debug|Any CPU
		{6606901E-EAFD-4862-8F7B-B008F62B3B14}.Release|Any CPU.ActiveCfg = Release|Any CPU
		{6606901E-EAFD-4862-8F7B-B008F62B3B14}.Release|Any CPU.Build.0 = Release|Any CPU
		{FC3E546E-D081-44D4-B56D-381C7C1B3282}.Debug|Any CPU.ActiveCfg = Debug|Any CPU
		{FC3E546E-D081-44D4-B56D-381C7C1B3282}.Debug|Any CPU.Build.0 = Debug|Any CPU
		{FC3E546E-D081-44D4-B56D-381C7C1B3282}.Release|Any CPU.ActiveCfg = Release|Any CPU
		{FC3E546E-D081-44D4-B56D-381C7C1B3282}.Release|Any CPU.Build.0 = Release|Any CPU
		{5D612617-943B-4C35-A9C1-A7BE82ACDC6A}.Debug|Any CPU.ActiveCfg = Debug|Any CPU
		{5D612617-943B-4C35-A9C1-A7BE82ACDC6A}.Debug|Any CPU.Build.0 = Debug|Any CPU
		{5D612617-943B-4C35-A9C1-A7BE82ACDC6A}.Release|Any CPU.ActiveCfg = Release|Any CPU
		{5D612617-943B-4C35-A9C1-A7BE82ACDC6A}.Release|Any CPU.Build.0 = Release|Any CPU
		{57831D73-51FC-4C0D-932A-DDCAB3981F01}.Debug|Any CPU.ActiveCfg = Debug|Any CPU
		{57831D73-51FC-4C0D-932A-DDCAB3981F01}.Debug|Any CPU.Build.0 = Debug|Any CPU
		{57831D73-51FC-4C0D-932A-DDCAB3981F01}.Release|Any CPU.ActiveCfg = Release|Any CPU
		{57831D73-51FC-4C0D-932A-DDCAB3981F01}.Release|Any CPU.Build.0 = Release|Any CPU
	EndGlobalSection
	GlobalSection(SolutionProperties) = preSolution
		HideSolutionNode = FALSE
	EndGlobalSection
	GlobalSection(ExtensibilityGlobals) = postSolution
		SolutionGuid = {D758C38E-2E91-4360-9542-104295B7E2E9}
	EndGlobalSection
EndGlobal
