
Microsoft Visual Studio Solution File, Format Version 12.00
# Visual Studio Version 17
VisualStudioVersion = 17.9.34723.18
MinimumVisualStudioVersion = 10.0.40219.1
Project("{FAE04EC0-301F-11D3-BF4B-00C04F79EFBC}") = "1", "1\1.csproj", "{B19F3474-B6C1-49DF-A322-8AC254228AEA}"
EndProject
Project("{FAE04EC0-301F-11D3-BF4B-00C04F79EFBC}") = "2", "2\2.csproj", "{FD3533CA-A8F3-45CE-BEBA-C30A82F095F2}"
EndProject
Project("{FAE04EC0-301F-11D3-BF4B-00C04F79EFBC}") = "3", "3\3.csproj", "{98B564DA-3E81-406A-91A9-2146180755E3}"
EndProject
Project("{FAE04EC0-301F-11D3-BF4B-00C04F79EFBC}") = "4", "4\4.csproj", "{94F57BF2-9B3B-42D7-850E-A1EC0C485AD5}"
EndProject
Global
	GlobalSection(SolutionConfigurationPlatforms) = preSolution
		Debug|Any CPU = Debug|Any CPU
		Release|Any CPU = Release|Any CPU
	EndGlobalSection
	GlobalSection(ProjectConfigurationPlatforms) = postSolution
		{B19F3474-B6C1-49DF-A322-8AC254228AEA}.Debug|Any CPU.ActiveCfg = Debug|Any CPU
		{B19F3474-B6C1-49DF-A322-8AC254228AEA}.Debug|Any CPU.Build.0 = Debug|Any CPU
		{B19F3474-B6C1-49DF-A322-8AC254228AEA}.Release|Any CPU.ActiveCfg = Release|Any CPU
		{B19F3474-B6C1-49DF-A322-8AC254228AEA}.Release|Any CPU.Build.0 = Release|Any CPU
		{FD3533CA-A8F3-45CE-BEBA-C30A82F095F2}.Debug|Any CPU.ActiveCfg = Debug|Any CPU
		{FD3533CA-A8F3-45CE-BEBA-C30A82F095F2}.Debug|Any CPU.Build.0 = Debug|Any CPU
		{FD3533CA-A8F3-45CE-BEBA-C30A82F095F2}.Release|Any CPU.ActiveCfg = Release|Any CPU
		{FD3533CA-A8F3-45CE-BEBA-C30A82F095F2}.Release|Any CPU.Build.0 = Release|Any CPU
		{98B564DA-3E81-406A-91A9-2146180755E3}.Debug|Any CPU.ActiveCfg = Debug|Any CPU
		{98B564DA-3E81-406A-91A9-2146180755E3}.Debug|Any CPU.Build.0 = Debug|Any CPU
		{98B564DA-3E81-406A-91A9-2146180755E3}.Release|Any CPU.ActiveCfg = Release|Any CPU
		{98B564DA-3E81-406A-91A9-2146180755E3}.Release|Any CPU.Build.0 = Release|Any CPU
		{94F57BF2-9B3B-42D7-850E-A1EC0C485AD5}.Debug|Any CPU.ActiveCfg = Debug|Any CPU
		{94F57BF2-9B3B-42D7-850E-A1EC0C485AD5}.Debug|Any CPU.Build.0 = Debug|Any CPU
		{94F57BF2-9B3B-42D7-850E-A1EC0C485AD5}.Release|Any CPU.ActiveCfg = Release|Any CPU
		{94F57BF2-9B3B-42D7-850E-A1EC0C485AD5}.Release|Any CPU.Build.0 = Release|Any CPU
	EndGlobalSection
	GlobalSection(SolutionProperties) = preSolution
		HideSolutionNode = FALSE
	EndGlobalSection
	GlobalSection(ExtensibilityGlobals) = postSolution
		SolutionGuid = {C1CA86C2-9EEA-4C9E-A932-B009F2745DA9}
	EndGlobalSection
EndGlobal
