
Microsoft Visual Studio Solution File, Format Version 12.00
# Visual Studio Version 17
VisualStudioVersion = 17.9.34728.123
MinimumVisualStudioVersion = 10.0.40219.1
Project("{FAE04EC0-301F-11D3-BF4B-00C04F79EFBC}") = "Task1", "Task1\Task1.csproj", "{6145564D-7829-4133-8A28-87658F2155FF}"
EndProject
Project("{FAE04EC0-301F-11D3-BF4B-00C04F79EFBC}") = "Task2", "Task2\Task2.csproj", "{D254933E-26B5-4FDA-8F06-CB820707F7FB}"
EndProject
Project("{FAE04EC0-301F-11D3-BF4B-00C04F79EFBC}") = "Task3", "Task3\Task3.csproj", "{C32B7B31-50C6-48FF-AE2B-77DAB3AE0474}"
EndProject
Project("{FAE04EC0-301F-11D3-BF4B-00C04F79EFBC}") = "Task4", "Task4\Task4.csproj", "{FBBA92DD-BB67-45B5-B93B-BA9EACBF2E6E}"
EndProject
Project("{FAE04EC0-301F-11D3-BF4B-00C04F79EFBC}") = "Task5", "Task5\Task5.csproj", "{5D19AD63-1CD5-4156-8DE9-8628F4A86564}"
EndProject
Project("{FAE04EC0-301F-11D3-BF4B-00C04F79EFBC}") = "Task6", "Task6\Task6.csproj", "{CD61C821-DB3F-4D94-96FE-858F7A24EC6F}"
EndProject
Project("{FAE04EC0-301F-11D3-BF4B-00C04F79EFBC}") = "Task7", "Task7\Task7.csproj", "{630BB3CD-9223-4E5D-9A4D-1DF5CC08453B}"
EndProject
Project("{FAE04EC0-301F-11D3-BF4B-00C04F79EFBC}") = "Task8", "Task8\Task8.csproj", "{59AD9DE1-2D5E-4AC4-BF9B-7AAB55BBE2D4}"
EndProject
Project("{FAE04EC0-301F-11D3-BF4B-00C04F79EFBC}") = "Task9", "Task9\Task9.csproj", "{EF2597E6-3F9D-413A-97A3-B3D80E3A446D}"
EndProject
Project("{FAE04EC0-301F-11D3-BF4B-00C04F79EFBC}") = "Task10", "Task10\Task10.csproj", "{646ADC71-79A4-4938-BAFB-74F063A62134}"
EndProject
Project("{FAE04EC0-301F-11D3-BF4B-00C04F79EFBC}") = "Task11", "Task11\Task11.csproj", "{83707A94-E43D-48C0-A36F-892EED8D0EF6}"
EndProject
Project("{FAE04EC0-301F-11D3-BF4B-00C04F79EFBC}") = "Task12", "Task12\Task12.csproj", "{ED0360FF-4FE7-45A6-9E2B-644576C1B2E0}"
EndProject
Project("{FAE04EC0-301F-11D3-BF4B-00C04F79EFBC}") = "Task13", "Task13\Task13.csproj", "{C59B5FEA-5D4C-404D-B104-FB1CE745334E}"
EndProject
Project("{FAE04EC0-301F-11D3-BF4B-00C04F79EFBC}") = "Task14", "Task14\Task14.csproj", "{3F825557-9366-4CA4-A926-3B29E146A8EA}"
EndProject
Project("{FAE04EC0-301F-11D3-BF4B-00C04F79EFBC}") = "Task15", "Task15\Task15.csproj", "{84DFADC3-C212-4747-919A-AF1E790EE6DE}"
EndProject
Project("{FAE04EC0-301F-11D3-BF4B-00C04F79EFBC}") = "Task16", "Task16\Task16.csproj", "{D62EDA63-8142-44EE-80F4-6C57EDC77844}"
EndProject
Global
	GlobalSection(SolutionConfigurationPlatforms) = preSolution
		Debug|Any CPU = Debug|Any CPU
		Release|Any CPU = Release|Any CPU
	EndGlobalSection
	GlobalSection(ProjectConfigurationPlatforms) = postSolution
		{6145564D-7829-4133-8A28-87658F2155FF}.Debug|Any CPU.ActiveCfg = Debug|Any CPU
		{6145564D-7829-4133-8A28-87658F2155FF}.Debug|Any CPU.Build.0 = Debug|Any CPU
		{6145564D-7829-4133-8A28-87658F2155FF}.Release|Any CPU.ActiveCfg = Release|Any CPU
		{6145564D-7829-4133-8A28-87658F2155FF}.Release|Any CPU.Build.0 = Release|Any CPU
		{D254933E-26B5-4FDA-8F06-CB820707F7FB}.Debug|Any CPU.ActiveCfg = Debug|Any CPU
		{D254933E-26B5-4FDA-8F06-CB820707F7FB}.Debug|Any CPU.Build.0 = Debug|Any CPU
		{D254933E-26B5-4FDA-8F06-CB820707F7FB}.Release|Any CPU.ActiveCfg = Release|Any CPU
		{D254933E-26B5-4FDA-8F06-CB820707F7FB}.Release|Any CPU.Build.0 = Release|Any CPU
		{C32B7B31-50C6-48FF-AE2B-77DAB3AE0474}.Debug|Any CPU.ActiveCfg = Debug|Any CPU
		{C32B7B31-50C6-48FF-AE2B-77DAB3AE0474}.Debug|Any CPU.Build.0 = Debug|Any CPU
		{C32B7B31-50C6-48FF-AE2B-77DAB3AE0474}.Release|Any CPU.ActiveCfg = Release|Any CPU
		{C32B7B31-50C6-48FF-AE2B-77DAB3AE0474}.Release|Any CPU.Build.0 = Release|Any CPU
		{FBBA92DD-BB67-45B5-B93B-BA9EACBF2E6E}.Debug|Any CPU.ActiveCfg = Debug|Any CPU
		{FBBA92DD-BB67-45B5-B93B-BA9EACBF2E6E}.Debug|Any CPU.Build.0 = Debug|Any CPU
		{FBBA92DD-BB67-45B5-B93B-BA9EACBF2E6E}.Release|Any CPU.ActiveCfg = Release|Any CPU
		{FBBA92DD-BB67-45B5-B93B-BA9EACBF2E6E}.Release|Any CPU.Build.0 = Release|Any CPU
		{5D19AD63-1CD5-4156-8DE9-8628F4A86564}.Debug|Any CPU.ActiveCfg = Debug|Any CPU
		{5D19AD63-1CD5-4156-8DE9-8628F4A86564}.Debug|Any CPU.Build.0 = Debug|Any CPU
		{5D19AD63-1CD5-4156-8DE9-8628F4A86564}.Release|Any CPU.ActiveCfg = Release|Any CPU
		{5D19AD63-1CD5-4156-8DE9-8628F4A86564}.Release|Any CPU.Build.0 = Release|Any CPU
		{CD61C821-DB3F-4D94-96FE-858F7A24EC6F}.Debug|Any CPU.ActiveCfg = Debug|Any CPU
		{CD61C821-DB3F-4D94-96FE-858F7A24EC6F}.Debug|Any CPU.Build.0 = Debug|Any CPU
		{CD61C821-DB3F-4D94-96FE-858F7A24EC6F}.Release|Any CPU.ActiveCfg = Release|Any CPU
		{CD61C821-DB3F-4D94-96FE-858F7A24EC6F}.Release|Any CPU.Build.0 = Release|Any CPU
		{630BB3CD-9223-4E5D-9A4D-1DF5CC08453B}.Debug|Any CPU.ActiveCfg = Debug|Any CPU
		{630BB3CD-9223-4E5D-9A4D-1DF5CC08453B}.Debug|Any CPU.Build.0 = Debug|Any CPU
		{630BB3CD-9223-4E5D-9A4D-1DF5CC08453B}.Release|Any CPU.ActiveCfg = Release|Any CPU
		{630BB3CD-9223-4E5D-9A4D-1DF5CC08453B}.Release|Any CPU.Build.0 = Release|Any CPU
		{59AD9DE1-2D5E-4AC4-BF9B-7AAB55BBE2D4}.Debug|Any CPU.ActiveCfg = Debug|Any CPU
		{59AD9DE1-2D5E-4AC4-BF9B-7AAB55BBE2D4}.Debug|Any CPU.Build.0 = Debug|Any CPU
		{59AD9DE1-2D5E-4AC4-BF9B-7AAB55BBE2D4}.Release|Any CPU.ActiveCfg = Release|Any CPU
		{59AD9DE1-2D5E-4AC4-BF9B-7AAB55BBE2D4}.Release|Any CPU.Build.0 = Release|Any CPU
		{EF2597E6-3F9D-413A-97A3-B3D80E3A446D}.Debug|Any CPU.ActiveCfg = Debug|Any CPU
		{EF2597E6-3F9D-413A-97A3-B3D80E3A446D}.Debug|Any CPU.Build.0 = Debug|Any CPU
		{EF2597E6-3F9D-413A-97A3-B3D80E3A446D}.Release|Any CPU.ActiveCfg = Release|Any CPU
		{EF2597E6-3F9D-413A-97A3-B3D80E3A446D}.Release|Any CPU.Build.0 = Release|Any CPU
		{646ADC71-79A4-4938-BAFB-74F063A62134}.Debug|Any CPU.ActiveCfg = Debug|Any CPU
		{646ADC71-79A4-4938-BAFB-74F063A62134}.Debug|Any CPU.Build.0 = Debug|Any CPU
		{646ADC71-79A4-4938-BAFB-74F063A62134}.Release|Any CPU.ActiveCfg = Release|Any CPU
		{646ADC71-79A4-4938-BAFB-74F063A62134}.Release|Any CPU.Build.0 = Release|Any CPU
		{83707A94-E43D-48C0-A36F-892EED8D0EF6}.Debug|Any CPU.ActiveCfg = Debug|Any CPU
		{83707A94-E43D-48C0-A36F-892EED8D0EF6}.Debug|Any CPU.Build.0 = Debug|Any CPU
		{83707A94-E43D-48C0-A36F-892EED8D0EF6}.Release|Any CPU.ActiveCfg = Release|Any CPU
		{83707A94-E43D-48C0-A36F-892EED8D0EF6}.Release|Any CPU.Build.0 = Release|Any CPU
		{ED0360FF-4FE7-45A6-9E2B-644576C1B2E0}.Debug|Any CPU.ActiveCfg = Debug|Any CPU
		{ED0360FF-4FE7-45A6-9E2B-644576C1B2E0}.Debug|Any CPU.Build.0 = Debug|Any CPU
		{ED0360FF-4FE7-45A6-9E2B-644576C1B2E0}.Release|Any CPU.ActiveCfg = Release|Any CPU
		{ED0360FF-4FE7-45A6-9E2B-644576C1B2E0}.Release|Any CPU.Build.0 = Release|Any CPU
		{C59B5FEA-5D4C-404D-B104-FB1CE745334E}.Debug|Any CPU.ActiveCfg = Debug|Any CPU
		{C59B5FEA-5D4C-404D-B104-FB1CE745334E}.Debug|Any CPU.Build.0 = Debug|Any CPU
		{C59B5FEA-5D4C-404D-B104-FB1CE745334E}.Release|Any CPU.ActiveCfg = Release|Any CPU
		{C59B5FEA-5D4C-404D-B104-FB1CE745334E}.Release|Any CPU.Build.0 = Release|Any CPU
		{3F825557-9366-4CA4-A926-3B29E146A8EA}.Debug|Any CPU.ActiveCfg = Debug|Any CPU
		{3F825557-9366-4CA4-A926-3B29E146A8EA}.Debug|Any CPU.Build.0 = Debug|Any CPU
		{3F825557-9366-4CA4-A926-3B29E146A8EA}.Release|Any CPU.ActiveCfg = Release|Any CPU
		{3F825557-9366-4CA4-A926-3B29E146A8EA}.Release|Any CPU.Build.0 = Release|Any CPU
		{84DFADC3-C212-4747-919A-AF1E790EE6DE}.Debug|Any CPU.ActiveCfg = Debug|Any CPU
		{84DFADC3-C212-4747-919A-AF1E790EE6DE}.Debug|Any CPU.Build.0 = Debug|Any CPU
		{84DFADC3-C212-4747-919A-AF1E790EE6DE}.Release|Any CPU.ActiveCfg = Release|Any CPU
		{84DFADC3-C212-4747-919A-AF1E790EE6DE}.Release|Any CPU.Build.0 = Release|Any CPU
		{D62EDA63-8142-44EE-80F4-6C57EDC77844}.Debug|Any CPU.ActiveCfg = Debug|Any CPU
		{D62EDA63-8142-44EE-80F4-6C57EDC77844}.Debug|Any CPU.Build.0 = Debug|Any CPU
		{D62EDA63-8142-44EE-80F4-6C57EDC77844}.Release|Any CPU.ActiveCfg = Release|Any CPU
		{D62EDA63-8142-44EE-80F4-6C57EDC77844}.Release|Any CPU.Build.0 = Release|Any CPU
	EndGlobalSection
	GlobalSection(SolutionProperties) = preSolution
		HideSolutionNode = FALSE
	EndGlobalSection
	GlobalSection(ExtensibilityGlobals) = postSolution
		SolutionGuid = {E024BC82-30B5-4FE3-BACE-B1E7E740E5DB}
	EndGlobalSection
EndGlobal
