
Microsoft Visual Studio Solution File, Format Version 12.00
# Visual Studio Version 17
VisualStudioVersion = 17.9.34723.18
MinimumVisualStudioVersion = 10.0.40219.1
Project("{FAE04EC0-301F-11D3-BF4B-00C04F79EFBC}") = "1", "1\1.csproj", "{749E54A0-3FBF-4D4F-B691-37F94F3796AF}"
EndProject
Project("{FAE04EC0-301F-11D3-BF4B-00C04F79EFBC}") = "2", "2\2.csproj", "{A6439585-8D5E-46D2-9941-AE096B7D4414}"
EndProject
Project("{FAE04EC0-301F-11D3-BF4B-00C04F79EFBC}") = "3", "3\3.csproj", "{6D9FDE8E-CA74-4952-BA0A-C2C9FEA61593}"
EndProject
Global
	GlobalSection(SolutionConfigurationPlatforms) = preSolution
		Debug|Any CPU = Debug|Any CPU
		Release|Any CPU = Release|Any CPU
	EndGlobalSection
	GlobalSection(ProjectConfigurationPlatforms) = postSolution
		{749E54A0-3FBF-4D4F-B691-37F94F3796AF}.Debug|Any CPU.ActiveCfg = Debug|Any CPU
		{749E54A0-3FBF-4D4F-B691-37F94F3796AF}.Debug|Any CPU.Build.0 = Debug|Any CPU
		{749E54A0-3FBF-4D4F-B691-37F94F3796AF}.Release|Any CPU.ActiveCfg = Release|Any CPU
		{749E54A0-3FBF-4D4F-B691-37F94F3796AF}.Release|Any CPU.Build.0 = Release|Any CPU
		{A6439585-8D5E-46D2-9941-AE096B7D4414}.Debug|Any CPU.ActiveCfg = Debug|Any CPU
		{A6439585-8D5E-46D2-9941-AE096B7D4414}.Debug|Any CPU.Build.0 = Debug|Any CPU
		{A6439585-8D5E-46D2-9941-AE096B7D4414}.Release|Any CPU.ActiveCfg = Release|Any CPU
		{A6439585-8D5E-46D2-9941-AE096B7D4414}.Release|Any CPU.Build.0 = Release|Any CPU
		{6D9FDE8E-CA74-4952-BA0A-C2C9FEA61593}.Debug|Any CPU.ActiveCfg = Debug|Any CPU
		{6D9FDE8E-CA74-4952-BA0A-C2C9FEA61593}.Debug|Any CPU.Build.0 = Debug|Any CPU
		{6D9FDE8E-CA74-4952-BA0A-C2C9FEA61593}.Release|Any CPU.ActiveCfg = Release|Any CPU
		{6D9FDE8E-CA74-4952-BA0A-C2C9FEA61593}.Release|Any CPU.Build.0 = Release|Any CPU
	EndGlobalSection
	GlobalSection(SolutionProperties) = preSolution
		HideSolutionNode = FALSE
	EndGlobalSection
	GlobalSection(ExtensibilityGlobals) = postSolution
		SolutionGuid = {175FEF00-7C56-4AA0-B75A-34AA68BF96A2}
	EndGlobalSection
EndGlobal
